
Microsoft Visual Studio Solution File, Format Version 12.00
# Visual Studio Version 17
VisualStudioVersion = 17.3.32825.248
MinimumVisualStudioVersion = 10.0.40219.1
Project("{FAE04EC0-301F-11D3-BF4B-00C04F79EFBC}") = "Lab2", "Lab2.csproj", "{62E2D98B-241E-4FD3-982B-34C8AC5B47CC}"
EndProject
Global
	GlobalSection(SolutionConfigurationPlatforms) = preSolution
		Debug|Any CPU = Debug|Any CPU
		Release|Any CPU = Release|Any CPU
	EndGlobalSection
	GlobalSection(ProjectConfigurationPlatforms) = postSolution
		{62E2D98B-241E-4FD3-982B-34C8AC5B47CC}.Debug|Any CPU.ActiveCfg = Debug|Any CPU
		{62E2D98B-241E-4FD3-982B-34C8AC5B47CC}.Debug|Any CPU.Build.0 = Debug|Any CPU
		{62E2D98B-241E-4FD3-982B-34C8AC5B47CC}.Release|Any CPU.ActiveCfg = Release|Any CPU
		{62E2D98B-241E-4FD3-982B-34C8AC5B47CC}.Release|Any CPU.Build.0 = Release|Any CPU
	EndGlobalSection
	GlobalSection(SolutionProperties) = preSolution
		HideSolutionNode = FALSE
	EndGlobalSection
	GlobalSection(ExtensibilityGlobals) = postSolution
		SolutionGuid = {E5369624-B9E7-427C-91A2-74A536BC375C}
	EndGlobalSection
EndGlobal
